
Microsoft Visual Studio Solution File, Format Version 12.00
# Visual Studio 15
VisualStudioVersion = 15.0.27130.2024
MinimumVisualStudioVersion = 10.0.40219.1
Project("{FAE04EC0-301F-11D3-BF4B-00C04F79EFBC}") = "Music2", "Music2\Music2.csproj", "{A8EF6525-23B1-484F-9812-37E4C39ED9CC}"
EndProject
Global
	GlobalSection(SolutionConfigurationPlatforms) = preSolution
		Debug|Any CPU = Debug|Any CPU
		Release|Any CPU = Release|Any CPU
	EndGlobalSection
	GlobalSection(ProjectConfigurationPlatforms) = postSolution
		{A8EF6525-23B1-484F-9812-37E4C39ED9CC}.Debug|Any CPU.ActiveCfg = Debug|Any CPU
		{A8EF6525-23B1-484F-9812-37E4C39ED9CC}.Debug|Any CPU.Build.0 = Debug|Any CPU
		{A8EF6525-23B1-484F-9812-37E4C39ED9CC}.Release|Any CPU.ActiveCfg = Release|Any CPU
		{A8EF6525-23B1-484F-9812-37E4C39ED9CC}.Release|Any CPU.Build.0 = Release|Any CPU
	EndGlobalSection
	GlobalSection(SolutionProperties) = preSolution
		HideSolutionNode = FALSE
	EndGlobalSection
	GlobalSection(ExtensibilityGlobals) = postSolution
		SolutionGuid = {79B611E8-AD63-42AD-8491-750E5A46B304}
	EndGlobalSection
EndGlobal
